
Microsoft Visual Studio Solution File, Format Version 12.00
# Visual Studio Version 16
VisualStudioVersion = 16.0.29123.88
MinimumVisualStudioVersion = 10.0.40219.1
Project("{FAE04EC0-301F-11D3-BF4B-00C04F79EFBC}") = "Week1-Exercises", "Week1-Exercises\Week1-Exercises.csproj", "{97F3B674-BD25-4197-96B4-E60E69242341}"
EndProject
Global
	GlobalSection(SolutionConfigurationPlatforms) = preSolution
		Debug|Any CPU = Debug|Any CPU
		Release|Any CPU = Release|Any CPU
	EndGlobalSection
	GlobalSection(ProjectConfigurationPlatforms) = postSolution
		{97F3B674-BD25-4197-96B4-E60E69242341}.Debug|Any CPU.ActiveCfg = Debug|Any CPU
		{97F3B674-BD25-4197-96B4-E60E69242341}.Debug|Any CPU.Build.0 = Debug|Any CPU
		{97F3B674-BD25-4197-96B4-E60E69242341}.Release|Any CPU.ActiveCfg = Release|Any CPU
		{97F3B674-BD25-4197-96B4-E60E69242341}.Release|Any CPU.Build.0 = Release|Any CPU
	EndGlobalSection
	GlobalSection(SolutionProperties) = preSolution
		HideSolutionNode = FALSE
	EndGlobalSection
	GlobalSection(ExtensibilityGlobals) = postSolution
		SolutionGuid = {40525AEF-79C6-420D-9CA7-03574553217E}
	EndGlobalSection
EndGlobal
